
Microsoft Visual Studio Solution File, Format Version 12.00
# Visual Studio Version 16
VisualStudioVersion = 16.0.31205.134
MinimumVisualStudioVersion = 10.0.40219.1
Project("{9A19103F-16F7-4668-BE54-9A1E7A4F7556}") = "Entities", "Entities\Entities.csproj", "{02F76D8C-14AF-48D2-895E-D46673D414B8}"
EndProject
Project("{9A19103F-16F7-4668-BE54-9A1E7A4F7556}") = "DataAccess", "DataAccess\DataAccess.csproj", "{E3EC210E-717E-41A5-BA46-9BF9470D4EC0}"
EndProject
Project("{9A19103F-16F7-4668-BE54-9A1E7A4F7556}") = "Business", "Business\Business.csproj", "{D6DB0120-B665-4CDF-AE56-4AAA7F9D38A3}"
EndProject
Project("{9A19103F-16F7-4668-BE54-9A1E7A4F7556}") = "ConsoleUI", "ConsoleUI\ConsoleUI.csproj", "{A0A13E05-8627-4C18-81D7-69377F5F899C}"
EndProject
Project("{9A19103F-16F7-4668-BE54-9A1E7A4F7556}") = "Core", "Core\Core.csproj", "{7F3301D6-0367-4E53-A051-EBBB7D19F645}"
EndProject
Project("{FAE04EC0-301F-11D3-BF4B-00C04F79EFBC}") = "WebAPI", "WebAPI\WebAPI.csproj", "{D043414D-EEA8-47FE-8FC4-D23D59A9075D}"
EndProject
Global
	GlobalSection(SolutionConfigurationPlatforms) = preSolution
		Debug|Any CPU = Debug|Any CPU
		Release|Any CPU = Release|Any CPU
	EndGlobalSection
	GlobalSection(ProjectConfigurationPlatforms) = postSolution
		{02F76D8C-14AF-48D2-895E-D46673D414B8}.Debug|Any CPU.ActiveCfg = Debug|Any CPU
		{02F76D8C-14AF-48D2-895E-D46673D414B8}.Debug|Any CPU.Build.0 = Debug|Any CPU
		{02F76D8C-14AF-48D2-895E-D46673D414B8}.Release|Any CPU.ActiveCfg = Release|Any CPU
		{02F76D8C-14AF-48D2-895E-D46673D414B8}.Release|Any CPU.Build.0 = Release|Any CPU
		{E3EC210E-717E-41A5-BA46-9BF9470D4EC0}.Debug|Any CPU.ActiveCfg = Debug|Any CPU
		{E3EC210E-717E-41A5-BA46-9BF9470D4EC0}.Debug|Any CPU.Build.0 = Debug|Any CPU
		{E3EC210E-717E-41A5-BA46-9BF9470D4EC0}.Release|Any CPU.ActiveCfg = Release|Any CPU
		{E3EC210E-717E-41A5-BA46-9BF9470D4EC0}.Release|Any CPU.Build.0 = Release|Any CPU
		{D6DB0120-B665-4CDF-AE56-4AAA7F9D38A3}.Debug|Any CPU.ActiveCfg = Debug|Any CPU
		{D6DB0120-B665-4CDF-AE56-4AAA7F9D38A3}.Debug|Any CPU.Build.0 = Debug|Any CPU
		{D6DB0120-B665-4CDF-AE56-4AAA7F9D38A3}.Release|Any CPU.ActiveCfg = Release|Any CPU
		{D6DB0120-B665-4CDF-AE56-4AAA7F9D38A3}.Release|Any CPU.Build.0 = Release|Any CPU
		{A0A13E05-8627-4C18-81D7-69377F5F899C}.Debug|Any CPU.ActiveCfg = Debug|Any CPU
		{A0A13E05-8627-4C18-81D7-69377F5F899C}.Debug|Any CPU.Build.0 = Debug|Any CPU
		{A0A13E05-8627-4C18-81D7-69377F5F899C}.Release|Any CPU.ActiveCfg = Release|Any CPU
		{A0A13E05-8627-4C18-81D7-69377F5F899C}.Release|Any CPU.Build.0 = Release|Any CPU
		{7F3301D6-0367-4E53-A051-EBBB7D19F645}.Debug|Any CPU.ActiveCfg = Debug|Any CPU
		{7F3301D6-0367-4E53-A051-EBBB7D19F645}.Debug|Any CPU.Build.0 = Debug|Any CPU
		{7F3301D6-0367-4E53-A051-EBBB7D19F645}.Release|Any CPU.ActiveCfg = Release|Any CPU
		{7F3301D6-0367-4E53-A051-EBBB7D19F645}.Release|Any CPU.Build.0 = Release|Any CPU
		{D043414D-EEA8-47FE-8FC4-D23D59A9075D}.Debug|Any CPU.ActiveCfg = Debug|Any CPU
		{D043414D-EEA8-47FE-8FC4-D23D59A9075D}.Debug|Any CPU.Build.0 = Debug|Any CPU
		{D043414D-EEA8-47FE-8FC4-D23D59A9075D}.Release|Any CPU.ActiveCfg = Release|Any CPU
		{D043414D-EEA8-47FE-8FC4-D23D59A9075D}.Release|Any CPU.Build.0 = Release|Any CPU
	EndGlobalSection
	GlobalSection(SolutionProperties) = preSolution
		HideSolutionNode = FALSE
	EndGlobalSection
	GlobalSection(ExtensibilityGlobals) = postSolution
		SolutionGuid = {76CA641A-0038-49D6-AF1C-D119A2337D88}
	EndGlobalSection
EndGlobal
